# This file is automatically @generated by Cargo.
# It is not intended for manual editing.
version = 4

[[package]]
name = "analyzer-audio"
version = "0.1.0"

[[package]]
name = "analyzer-cal"
version = "0.1.0"

[[package]]
name = "analyzer-cli"
version = "0.1.0"

[[package]]
name = "analyzer-dsp"
version = "0.1.0"

[[package]]
name = "analyzer-engine"
version = "0.1.0"

[[package]]
name = "analyzer-ffi"
version = "0.1.0"

[[package]]
name = "analyzer-model"
version = "0.1.0"

[[package]]
name = "analyzer-plot"
version = "0.1.0"
